
Microsoft Visual Studio Solution File, Format Version 11.00
# Visual Studio 2010
Project("{FAE04EC0-301F-11D3-BF4B-00C04F79EFBC}") = "Integration.IUWEB", "Integration.IUWEB\Integration.IUWEB.csproj", "{9633F223-177D-478C-843B-13B74E245579}"
EndProject
Project("{2150E333-8FDC-42A3-9474-1A3956D46DE8}") = "CapaDatos", "CapaDatos", "{40031E40-FB21-4BE3-9E45-57892CBE521F}"
EndProject
Project("{2150E333-8FDC-42A3-9474-1A3956D46DE8}") = "CapaNegocio", "CapaNegocio", "{7CEE45FB-F679-4DD0-A104-88684D2F5FF3}"
EndProject
Project("{2150E333-8FDC-42A3-9474-1A3956D46DE8}") = "CapaPresentacion", "CapaPresentacion", "{7E07224D-3235-4DFC-A379-27688FFE24AF}"
EndProject
Project("{2150E333-8FDC-42A3-9474-1A3956D46DE8}") = "WEB", "WEB", "{9AA4BB32-ED14-47C0-8326-B6E322F7B9B4}"
EndProject
Project("{2150E333-8FDC-42A3-9474-1A3956D46DE8}") = "DESK", "DESK", "{FC588A44-3D45-470D-A7B0-68FB7DAD572F}"
EndProject
Project("{2150E333-8FDC-42A3-9474-1A3956D46DE8}") = "MOVIL", "MOVIL", "{870EDF34-08E7-44DB-B4A7-D59D1C21A5DD}"
EndProject
Project("{2150E333-8FDC-42A3-9474-1A3956D46DE8}") = "CapaEntidades", "CapaEntidades", "{A66ED2E1-D706-46C7-9084-367816219AF7}"
EndProject
Project("{FAE04EC0-301F-11D3-BF4B-00C04F79EFBC}") = "Integration.DAService", "Integration.DAService\Integration.DAService.csproj", "{87D9863F-1455-48BF-B4E1-9FE8C540A562}"
EndProject
Project("{FAE04EC0-301F-11D3-BF4B-00C04F79EFBC}") = "Integration.BE", "Integration.BE\Integration.BE.csproj", "{77B0F44D-E2F8-41AE-9EDB-C8C13D67E095}"
EndProject
Project("{FAE04EC0-301F-11D3-BF4B-00C04F79EFBC}") = "Integration.BL", "Integration.BL\Integration.BL.csproj", "{C4C33FC3-99D7-474D-8E67-D7E56378BE8E}"
EndProject
Global
	GlobalSection(SolutionConfigurationPlatforms) = preSolution
		Debug|Any CPU = Debug|Any CPU
		Release|Any CPU = Release|Any CPU
	EndGlobalSection
	GlobalSection(ProjectConfigurationPlatforms) = postSolution
		{9633F223-177D-478C-843B-13B74E245579}.Debug|Any CPU.ActiveCfg = Debug|Any CPU
		{9633F223-177D-478C-843B-13B74E245579}.Debug|Any CPU.Build.0 = Debug|Any CPU
		{9633F223-177D-478C-843B-13B74E245579}.Release|Any CPU.ActiveCfg = Release|Any CPU
		{9633F223-177D-478C-843B-13B74E245579}.Release|Any CPU.Build.0 = Release|Any CPU
		{87D9863F-1455-48BF-B4E1-9FE8C540A562}.Debug|Any CPU.ActiveCfg = Debug|Any CPU
		{87D9863F-1455-48BF-B4E1-9FE8C540A562}.Debug|Any CPU.Build.0 = Debug|Any CPU
		{87D9863F-1455-48BF-B4E1-9FE8C540A562}.Release|Any CPU.ActiveCfg = Release|Any CPU
		{87D9863F-1455-48BF-B4E1-9FE8C540A562}.Release|Any CPU.Build.0 = Release|Any CPU
		{77B0F44D-E2F8-41AE-9EDB-C8C13D67E095}.Debug|Any CPU.ActiveCfg = Debug|Any CPU
		{77B0F44D-E2F8-41AE-9EDB-C8C13D67E095}.Debug|Any CPU.Build.0 = Debug|Any CPU
		{77B0F44D-E2F8-41AE-9EDB-C8C13D67E095}.Release|Any CPU.ActiveCfg = Release|Any CPU
		{77B0F44D-E2F8-41AE-9EDB-C8C13D67E095}.Release|Any CPU.Build.0 = Release|Any CPU
		{C4C33FC3-99D7-474D-8E67-D7E56378BE8E}.Debug|Any CPU.ActiveCfg = Debug|Any CPU
		{C4C33FC3-99D7-474D-8E67-D7E56378BE8E}.Debug|Any CPU.Build.0 = Debug|Any CPU
		{C4C33FC3-99D7-474D-8E67-D7E56378BE8E}.Release|Any CPU.ActiveCfg = Release|Any CPU
		{C4C33FC3-99D7-474D-8E67-D7E56378BE8E}.Release|Any CPU.Build.0 = Release|Any CPU
	EndGlobalSection
	GlobalSection(SolutionProperties) = preSolution
		HideSolutionNode = FALSE
	EndGlobalSection
	GlobalSection(NestedProjects) = preSolution
		{9AA4BB32-ED14-47C0-8326-B6E322F7B9B4} = {7E07224D-3235-4DFC-A379-27688FFE24AF}
		{FC588A44-3D45-470D-A7B0-68FB7DAD572F} = {7E07224D-3235-4DFC-A379-27688FFE24AF}
		{870EDF34-08E7-44DB-B4A7-D59D1C21A5DD} = {7E07224D-3235-4DFC-A379-27688FFE24AF}
		{87D9863F-1455-48BF-B4E1-9FE8C540A562} = {40031E40-FB21-4BE3-9E45-57892CBE521F}
		{C4C33FC3-99D7-474D-8E67-D7E56378BE8E} = {7CEE45FB-F679-4DD0-A104-88684D2F5FF3}
		{9633F223-177D-478C-843B-13B74E245579} = {9AA4BB32-ED14-47C0-8326-B6E322F7B9B4}
		{77B0F44D-E2F8-41AE-9EDB-C8C13D67E095} = {A66ED2E1-D706-46C7-9084-367816219AF7}
	EndGlobalSection
EndGlobal
